
Microsoft Visual Studio Solution File, Format Version 12.00
Project("{FAE04EC0-301F-11D3-BF4B-00C04F79EFBC}") = "WebApp", "WebApp\WebApp.csproj", "{ADFA366F-16C7-40FF-9294-96894EAC2906}"
EndProject
Project("{FAE04EC0-301F-11D3-BF4B-00C04F79EFBC}") = "Domain.App", "Domain.App\Domain.App.csproj", "{76FE3BBA-14EA-45BD-A4CA-5869F07B8766}"
EndProject
Project("{2150E333-8FDC-42A3-9474-1A3956D46DE8}") = "APP", "APP", "{D9FBC1F2-D73B-4288-83AC-6160317B1FF9}"
EndProject
Project("{2150E333-8FDC-42A3-9474-1A3956D46DE8}") = "BASE", "BASE", "{77F90DC8-5632-4057-B228-7CB0D5845D0C}"
EndProject
Project("{2150E333-8FDC-42A3-9474-1A3956D46DE8}") = "SolutionItems", "SolutionItems", "{DF28E15F-7097-475A-AF29-7FC97699A3BC}"
	ProjectSection(SolutionItems) = preProject
		docker-compose-kala.yml = docker-compose-kala.yml
		.gitignore = .gitignore
		Directory.Build.props = Directory.Build.props
		Dockerfile = Dockerfile
		.dockerignore = .dockerignore
		docker-compose.yml = docker-compose.yml
	EndProjectSection
EndProject
Project("{FAE04EC0-301F-11D3-BF4B-00C04F79EFBC}") = "Domain.Base", "Domain.Base\Domain.Base.csproj", "{661AE76A-CC21-4224-9B97-BAE4752D9B4E}"
EndProject
Project("{2150E333-8FDC-42A3-9474-1A3956D46DE8}") = "Contracts", "Contracts", "{91D39F65-3891-44D6-879C-5C562845D7C0}"
EndProject
Project("{FAE04EC0-301F-11D3-BF4B-00C04F79EFBC}") = "Domain.Contracts.Base", "Domain.Contracts.Base\Domain.Contracts.Base.csproj", "{B1B7CAF7-02F0-4DE7-89A7-88157517A4D2}"
EndProject
Project("{FAE04EC0-301F-11D3-BF4B-00C04F79EFBC}") = "DAL.EF.App", "DAL.EF.App\DAL.EF.App.csproj", "{0230F1D5-BED8-4A29-8CF5-7DEB2DC43CFB}"
EndProject
Project("{FAE04EC0-301F-11D3-BF4B-00C04F79EFBC}") = "Tests", "Tests\Tests.csproj", "{C77D7271-7EE0-4109-987C-3E1C63D825A4}"
EndProject
Project("{FAE04EC0-301F-11D3-BF4B-00C04F79EFBC}") = "DAL.Contracts.Base", "DAL.Contracts.Base\DAL.Contracts.Base.csproj", "{F259E593-D5FB-4FE8-8583-102C07D7AE5F}"
EndProject
Project("{FAE04EC0-301F-11D3-BF4B-00C04F79EFBC}") = "DAL.EF.Base", "DAL.EF.Base\DAL.EF.Base.csproj", "{78C38FBB-97EE-4F20-A6B0-F3968B7B308B}"
EndProject
Project("{2150E333-8FDC-42A3-9474-1A3956D46DE8}") = "Contracts", "Contracts", "{F462ABE0-7AA1-4196-8533-FFCF5AD3026A}"
EndProject
Project("{FAE04EC0-301F-11D3-BF4B-00C04F79EFBC}") = "DAL.Contracts.App", "DAL.Contracts.App\DAL.Contracts.App.csproj", "{C151D57E-E346-4AD2-95EC-B7F14C680C38}"
EndProject
Project("{FAE04EC0-301F-11D3-BF4B-00C04F79EFBC}") = "Helpers.Base", "Helpers.Base\Helpers.Base.csproj", "{752479B4-8059-4573-B261-C58B83A53BD3}"
EndProject
Project("{FAE04EC0-301F-11D3-BF4B-00C04F79EFBC}") = "Public.DTO", "Public.DTO\Public.DTO.csproj", "{04AE4164-452C-4124-B1DE-AE455028194D}"
EndProject
Project("{FAE04EC0-301F-11D3-BF4B-00C04F79EFBC}") = "Contracts.Base", "Contracts.Base\Contracts.Base.csproj", "{4DDC337A-3108-43B7-8923-17BD75A20893}"
EndProject
Project("{FAE04EC0-301F-11D3-BF4B-00C04F79EFBC}") = "DAL.Base", "DAL.Base\DAL.Base.csproj", "{8DDB301E-FCF6-442C-9884-37B678CC7B2C}"
EndProject
Project("{FAE04EC0-301F-11D3-BF4B-00C04F79EFBC}") = "BLL.Contracts.Base", "BLL.Contracts.Base\BLL.Contracts.Base.csproj", "{065A30C5-654E-448C-A8F1-F01F4B3A1005}"
EndProject
Project("{FAE04EC0-301F-11D3-BF4B-00C04F79EFBC}") = "BLL.Base", "BLL.Base\BLL.Base.csproj", "{D9D8A061-64CA-4039-A537-5B64598822F0}"
EndProject
Project("{FAE04EC0-301F-11D3-BF4B-00C04F79EFBC}") = "BLL.DTO", "BLL.DTO\BLL.DTO.csproj", "{2727FB9F-D222-45CB-B8A2-1C2E00E4301C}"
EndProject
Project("{FAE04EC0-301F-11D3-BF4B-00C04F79EFBC}") = "BLL.Contracts.App", "BLL.Contracts.App\BLL.Contracts.App.csproj", "{5B2511B5-240D-4394-93BA-C5F9F3C85894}"
EndProject
Project("{FAE04EC0-301F-11D3-BF4B-00C04F79EFBC}") = "BLL.App", "BLL.App\BLL.App.csproj", "{571CA168-D20E-434A-B39A-C4A3D2186C62}"
EndProject
Project("{FAE04EC0-301F-11D3-BF4B-00C04F79EFBC}") = "DAL.DTO", "DAL.DTO\DAL.DTO.csproj", "{FFCD69CD-B1C8-4F36-9511-5BC12AB5AD5A}"
EndProject
Project("{FAE04EC0-301F-11D3-BF4B-00C04F79EFBC}") = "App.Resources", "App.Resources\App.Resources.csproj", "{562323E0-8016-4CAA-9A55-5FD2EDD41E35}"
EndProject
Global
	GlobalSection(SolutionConfigurationPlatforms) = preSolution
		Debug|Any CPU = Debug|Any CPU
		Release|Any CPU = Release|Any CPU
	EndGlobalSection
	GlobalSection(ProjectConfigurationPlatforms) = postSolution
		{ADFA366F-16C7-40FF-9294-96894EAC2906}.Debug|Any CPU.ActiveCfg = Debug|Any CPU
		{ADFA366F-16C7-40FF-9294-96894EAC2906}.Debug|Any CPU.Build.0 = Debug|Any CPU
		{ADFA366F-16C7-40FF-9294-96894EAC2906}.Release|Any CPU.ActiveCfg = Release|Any CPU
		{ADFA366F-16C7-40FF-9294-96894EAC2906}.Release|Any CPU.Build.0 = Release|Any CPU
		{76FE3BBA-14EA-45BD-A4CA-5869F07B8766}.Debug|Any CPU.ActiveCfg = Debug|Any CPU
		{76FE3BBA-14EA-45BD-A4CA-5869F07B8766}.Debug|Any CPU.Build.0 = Debug|Any CPU
		{76FE3BBA-14EA-45BD-A4CA-5869F07B8766}.Release|Any CPU.ActiveCfg = Release|Any CPU
		{76FE3BBA-14EA-45BD-A4CA-5869F07B8766}.Release|Any CPU.Build.0 = Release|Any CPU
		{661AE76A-CC21-4224-9B97-BAE4752D9B4E}.Debug|Any CPU.ActiveCfg = Debug|Any CPU
		{661AE76A-CC21-4224-9B97-BAE4752D9B4E}.Debug|Any CPU.Build.0 = Debug|Any CPU
		{661AE76A-CC21-4224-9B97-BAE4752D9B4E}.Release|Any CPU.ActiveCfg = Release|Any CPU
		{661AE76A-CC21-4224-9B97-BAE4752D9B4E}.Release|Any CPU.Build.0 = Release|Any CPU
		{B1B7CAF7-02F0-4DE7-89A7-88157517A4D2}.Debug|Any CPU.ActiveCfg = Debug|Any CPU
		{B1B7CAF7-02F0-4DE7-89A7-88157517A4D2}.Debug|Any CPU.Build.0 = Debug|Any CPU
		{B1B7CAF7-02F0-4DE7-89A7-88157517A4D2}.Release|Any CPU.ActiveCfg = Release|Any CPU
		{B1B7CAF7-02F0-4DE7-89A7-88157517A4D2}.Release|Any CPU.Build.0 = Release|Any CPU
		{0230F1D5-BED8-4A29-8CF5-7DEB2DC43CFB}.Debug|Any CPU.ActiveCfg = Debug|Any CPU
		{0230F1D5-BED8-4A29-8CF5-7DEB2DC43CFB}.Debug|Any CPU.Build.0 = Debug|Any CPU
		{0230F1D5-BED8-4A29-8CF5-7DEB2DC43CFB}.Release|Any CPU.ActiveCfg = Release|Any CPU
		{0230F1D5-BED8-4A29-8CF5-7DEB2DC43CFB}.Release|Any CPU.Build.0 = Release|Any CPU
		{C77D7271-7EE0-4109-987C-3E1C63D825A4}.Debug|Any CPU.ActiveCfg = Debug|Any CPU
		{C77D7271-7EE0-4109-987C-3E1C63D825A4}.Debug|Any CPU.Build.0 = Debug|Any CPU
		{C77D7271-7EE0-4109-987C-3E1C63D825A4}.Release|Any CPU.ActiveCfg = Release|Any CPU
		{C77D7271-7EE0-4109-987C-3E1C63D825A4}.Release|Any CPU.Build.0 = Release|Any CPU
		{F259E593-D5FB-4FE8-8583-102C07D7AE5F}.Debug|Any CPU.ActiveCfg = Debug|Any CPU
		{F259E593-D5FB-4FE8-8583-102C07D7AE5F}.Debug|Any CPU.Build.0 = Debug|Any CPU
		{F259E593-D5FB-4FE8-8583-102C07D7AE5F}.Release|Any CPU.ActiveCfg = Release|Any CPU
		{F259E593-D5FB-4FE8-8583-102C07D7AE5F}.Release|Any CPU.Build.0 = Release|Any CPU
		{78C38FBB-97EE-4F20-A6B0-F3968B7B308B}.Debug|Any CPU.ActiveCfg = Debug|Any CPU
		{78C38FBB-97EE-4F20-A6B0-F3968B7B308B}.Debug|Any CPU.Build.0 = Debug|Any CPU
		{78C38FBB-97EE-4F20-A6B0-F3968B7B308B}.Release|Any CPU.ActiveCfg = Release|Any CPU
		{78C38FBB-97EE-4F20-A6B0-F3968B7B308B}.Release|Any CPU.Build.0 = Release|Any CPU
		{C151D57E-E346-4AD2-95EC-B7F14C680C38}.Debug|Any CPU.ActiveCfg = Debug|Any CPU
		{C151D57E-E346-4AD2-95EC-B7F14C680C38}.Debug|Any CPU.Build.0 = Debug|Any CPU
		{C151D57E-E346-4AD2-95EC-B7F14C680C38}.Release|Any CPU.ActiveCfg = Release|Any CPU
		{C151D57E-E346-4AD2-95EC-B7F14C680C38}.Release|Any CPU.Build.0 = Release|Any CPU
		{752479B4-8059-4573-B261-C58B83A53BD3}.Debug|Any CPU.ActiveCfg = Debug|Any CPU
		{752479B4-8059-4573-B261-C58B83A53BD3}.Debug|Any CPU.Build.0 = Debug|Any CPU
		{752479B4-8059-4573-B261-C58B83A53BD3}.Release|Any CPU.ActiveCfg = Release|Any CPU
		{752479B4-8059-4573-B261-C58B83A53BD3}.Release|Any CPU.Build.0 = Release|Any CPU
		{04AE4164-452C-4124-B1DE-AE455028194D}.Debug|Any CPU.ActiveCfg = Debug|Any CPU
		{04AE4164-452C-4124-B1DE-AE455028194D}.Debug|Any CPU.Build.0 = Debug|Any CPU
		{04AE4164-452C-4124-B1DE-AE455028194D}.Release|Any CPU.ActiveCfg = Release|Any CPU
		{04AE4164-452C-4124-B1DE-AE455028194D}.Release|Any CPU.Build.0 = Release|Any CPU
		{4DDC337A-3108-43B7-8923-17BD75A20893}.Debug|Any CPU.ActiveCfg = Debug|Any CPU
		{4DDC337A-3108-43B7-8923-17BD75A20893}.Debug|Any CPU.Build.0 = Debug|Any CPU
		{4DDC337A-3108-43B7-8923-17BD75A20893}.Release|Any CPU.ActiveCfg = Release|Any CPU
		{4DDC337A-3108-43B7-8923-17BD75A20893}.Release|Any CPU.Build.0 = Release|Any CPU
		{8DDB301E-FCF6-442C-9884-37B678CC7B2C}.Debug|Any CPU.ActiveCfg = Debug|Any CPU
		{8DDB301E-FCF6-442C-9884-37B678CC7B2C}.Debug|Any CPU.Build.0 = Debug|Any CPU
		{8DDB301E-FCF6-442C-9884-37B678CC7B2C}.Release|Any CPU.ActiveCfg = Release|Any CPU
		{8DDB301E-FCF6-442C-9884-37B678CC7B2C}.Release|Any CPU.Build.0 = Release|Any CPU
		{065A30C5-654E-448C-A8F1-F01F4B3A1005}.Debug|Any CPU.ActiveCfg = Debug|Any CPU
		{065A30C5-654E-448C-A8F1-F01F4B3A1005}.Debug|Any CPU.Build.0 = Debug|Any CPU
		{065A30C5-654E-448C-A8F1-F01F4B3A1005}.Release|Any CPU.ActiveCfg = Release|Any CPU
		{065A30C5-654E-448C-A8F1-F01F4B3A1005}.Release|Any CPU.Build.0 = Release|Any CPU
		{D9D8A061-64CA-4039-A537-5B64598822F0}.Debug|Any CPU.ActiveCfg = Debug|Any CPU
		{D9D8A061-64CA-4039-A537-5B64598822F0}.Debug|Any CPU.Build.0 = Debug|Any CPU
		{D9D8A061-64CA-4039-A537-5B64598822F0}.Release|Any CPU.ActiveCfg = Release|Any CPU
		{D9D8A061-64CA-4039-A537-5B64598822F0}.Release|Any CPU.Build.0 = Release|Any CPU
		{2727FB9F-D222-45CB-B8A2-1C2E00E4301C}.Debug|Any CPU.ActiveCfg = Debug|Any CPU
		{2727FB9F-D222-45CB-B8A2-1C2E00E4301C}.Debug|Any CPU.Build.0 = Debug|Any CPU
		{2727FB9F-D222-45CB-B8A2-1C2E00E4301C}.Release|Any CPU.ActiveCfg = Release|Any CPU
		{2727FB9F-D222-45CB-B8A2-1C2E00E4301C}.Release|Any CPU.Build.0 = Release|Any CPU
		{5B2511B5-240D-4394-93BA-C5F9F3C85894}.Debug|Any CPU.ActiveCfg = Debug|Any CPU
		{5B2511B5-240D-4394-93BA-C5F9F3C85894}.Debug|Any CPU.Build.0 = Debug|Any CPU
		{5B2511B5-240D-4394-93BA-C5F9F3C85894}.Release|Any CPU.ActiveCfg = Release|Any CPU
		{5B2511B5-240D-4394-93BA-C5F9F3C85894}.Release|Any CPU.Build.0 = Release|Any CPU
		{571CA168-D20E-434A-B39A-C4A3D2186C62}.Debug|Any CPU.ActiveCfg = Debug|Any CPU
		{571CA168-D20E-434A-B39A-C4A3D2186C62}.Debug|Any CPU.Build.0 = Debug|Any CPU
		{571CA168-D20E-434A-B39A-C4A3D2186C62}.Release|Any CPU.ActiveCfg = Release|Any CPU
		{571CA168-D20E-434A-B39A-C4A3D2186C62}.Release|Any CPU.Build.0 = Release|Any CPU
		{FFCD69CD-B1C8-4F36-9511-5BC12AB5AD5A}.Debug|Any CPU.ActiveCfg = Debug|Any CPU
		{FFCD69CD-B1C8-4F36-9511-5BC12AB5AD5A}.Debug|Any CPU.Build.0 = Debug|Any CPU
		{FFCD69CD-B1C8-4F36-9511-5BC12AB5AD5A}.Release|Any CPU.ActiveCfg = Release|Any CPU
		{FFCD69CD-B1C8-4F36-9511-5BC12AB5AD5A}.Release|Any CPU.Build.0 = Release|Any CPU
		{562323E0-8016-4CAA-9A55-5FD2EDD41E35}.Debug|Any CPU.ActiveCfg = Debug|Any CPU
		{562323E0-8016-4CAA-9A55-5FD2EDD41E35}.Debug|Any CPU.Build.0 = Debug|Any CPU
		{562323E0-8016-4CAA-9A55-5FD2EDD41E35}.Release|Any CPU.ActiveCfg = Release|Any CPU
		{562323E0-8016-4CAA-9A55-5FD2EDD41E35}.Release|Any CPU.Build.0 = Release|Any CPU
	EndGlobalSection
	GlobalSection(NestedProjects) = preSolution
		{76FE3BBA-14EA-45BD-A4CA-5869F07B8766} = {D9FBC1F2-D73B-4288-83AC-6160317B1FF9}
		{ADFA366F-16C7-40FF-9294-96894EAC2906} = {D9FBC1F2-D73B-4288-83AC-6160317B1FF9}
		{661AE76A-CC21-4224-9B97-BAE4752D9B4E} = {77F90DC8-5632-4057-B228-7CB0D5845D0C}
		{91D39F65-3891-44D6-879C-5C562845D7C0} = {77F90DC8-5632-4057-B228-7CB0D5845D0C}
		{B1B7CAF7-02F0-4DE7-89A7-88157517A4D2} = {91D39F65-3891-44D6-879C-5C562845D7C0}
		{0230F1D5-BED8-4A29-8CF5-7DEB2DC43CFB} = {D9FBC1F2-D73B-4288-83AC-6160317B1FF9}
		{C77D7271-7EE0-4109-987C-3E1C63D825A4} = {D9FBC1F2-D73B-4288-83AC-6160317B1FF9}
		{F259E593-D5FB-4FE8-8583-102C07D7AE5F} = {91D39F65-3891-44D6-879C-5C562845D7C0}
		{78C38FBB-97EE-4F20-A6B0-F3968B7B308B} = {77F90DC8-5632-4057-B228-7CB0D5845D0C}
		{F462ABE0-7AA1-4196-8533-FFCF5AD3026A} = {D9FBC1F2-D73B-4288-83AC-6160317B1FF9}
		{C151D57E-E346-4AD2-95EC-B7F14C680C38} = {F462ABE0-7AA1-4196-8533-FFCF5AD3026A}
		{752479B4-8059-4573-B261-C58B83A53BD3} = {77F90DC8-5632-4057-B228-7CB0D5845D0C}
		{04AE4164-452C-4124-B1DE-AE455028194D} = {D9FBC1F2-D73B-4288-83AC-6160317B1FF9}
		{4DDC337A-3108-43B7-8923-17BD75A20893} = {91D39F65-3891-44D6-879C-5C562845D7C0}
		{8DDB301E-FCF6-442C-9884-37B678CC7B2C} = {77F90DC8-5632-4057-B228-7CB0D5845D0C}
		{065A30C5-654E-448C-A8F1-F01F4B3A1005} = {91D39F65-3891-44D6-879C-5C562845D7C0}
		{D9D8A061-64CA-4039-A537-5B64598822F0} = {77F90DC8-5632-4057-B228-7CB0D5845D0C}
		{2727FB9F-D222-45CB-B8A2-1C2E00E4301C} = {D9FBC1F2-D73B-4288-83AC-6160317B1FF9}
		{571CA168-D20E-434A-B39A-C4A3D2186C62} = {D9FBC1F2-D73B-4288-83AC-6160317B1FF9}
		{5B2511B5-240D-4394-93BA-C5F9F3C85894} = {F462ABE0-7AA1-4196-8533-FFCF5AD3026A}
		{FFCD69CD-B1C8-4F36-9511-5BC12AB5AD5A} = {D9FBC1F2-D73B-4288-83AC-6160317B1FF9}
		{562323E0-8016-4CAA-9A55-5FD2EDD41E35} = {77F90DC8-5632-4057-B228-7CB0D5845D0C}
	EndGlobalSection
EndGlobal
